
Microsoft Visual Studio Solution File, Format Version 12.00
# Visual Studio Version 17
VisualStudioVersion = 17.7.34018.315
MinimumVisualStudioVersion = 10.0.40219.1
Project("{9A19103F-16F7-4668-BE54-9A1E7A4F7556}") = "SwinAdventure", "SwinAdventure.csproj", "{927E01EA-82A9-46E0-96F9-57B27AD05302}"
EndProject
Project("{FAE04EC0-301F-11D3-BF4B-00C04F79EFBC}") = "NUnitTests", "..\NUnitTests\NUnitTests.csproj", "{6156D2EE-1F2A-4321-B838-C08F752C64C6}"
EndProject
Global
	GlobalSection(SolutionConfigurationPlatforms) = preSolution
		Debug|Any CPU = Debug|Any CPU
		Release|Any CPU = Release|Any CPU
	EndGlobalSection
	GlobalSection(ProjectConfigurationPlatforms) = postSolution
		{927E01EA-82A9-46E0-96F9-57B27AD05302}.Debug|Any CPU.ActiveCfg = Debug|Any CPU
		{927E01EA-82A9-46E0-96F9-57B27AD05302}.Debug|Any CPU.Build.0 = Debug|Any CPU
		{927E01EA-82A9-46E0-96F9-57B27AD05302}.Release|Any CPU.ActiveCfg = Release|Any CPU
		{927E01EA-82A9-46E0-96F9-57B27AD05302}.Release|Any CPU.Build.0 = Release|Any CPU
		{6156D2EE-1F2A-4321-B838-C08F752C64C6}.Debug|Any CPU.ActiveCfg = Debug|Any CPU
		{6156D2EE-1F2A-4321-B838-C08F752C64C6}.Debug|Any CPU.Build.0 = Debug|Any CPU
		{6156D2EE-1F2A-4321-B838-C08F752C64C6}.Release|Any CPU.ActiveCfg = Release|Any CPU
		{6156D2EE-1F2A-4321-B838-C08F752C64C6}.Release|Any CPU.Build.0 = Release|Any CPU
	EndGlobalSection
	GlobalSection(SolutionProperties) = preSolution
		HideSolutionNode = FALSE
	EndGlobalSection
	GlobalSection(ExtensibilityGlobals) = postSolution
		SolutionGuid = {BDF85963-B1A9-4496-9622-330FC16E48F6}
	EndGlobalSection
EndGlobal
